// !$*UTF8*$!
{
	archiveVersion = 1;
	classes = {
	};
	objectVersion = 56;
	objects = {

/* Begin PBXBuildFile section */
		088600BA29987B8200E2D76E /* QrCodeCcreatorApp.swift in Sources */ = {isa = PBXBuildFile; fileRef = 088600B929987B8200E2D76E /* QrCodeCcreatorApp.swift */; };
		088600BC29987B8200E2D76E /* ContentView.swift in Sources */ = {isa = PBXBuildFile; fileRef = 088600BB29987B8200E2D76E /* ContentView.swift */; };
		088600BE29987B8400E2D76E /* Assets.xcassets in Resources */ = {isa = PBXBuildFile; fileRef = 088600BD29987B8400E2D76E /* Assets.xcassets */; };
		088600C129987B8400E2D76E /* Preview Assets.xcassets in Resources */ = {isa = PBXBuildFile; fileRef = 088600C029987B8400E2D76E /* Preview Assets.xcassets */; };
		088600CB29987B8400E2D76E /* QrCodeCcreatorTests.swift in Sources */ = {isa = PBXBuildFile; fileRef = 088600CA29987B8400E2D76E /* QrCodeCcreatorTests.swift */; };
		088600D529987B8500E2D76E /* QrCodeCcreatorUITests.swift in Sources */ = {isa = PBXBuildFile; fileRef = 088600D429987B8500E2D76E /* QrCodeCcreatorUITests.swift */; };
		088600D729987B8500E2D76E /* QrCodeCcreatorUITestsLaunchTests.swift in Sources */ = {isa = PBXBuildFile; fileRef = 088600D629987B8500E2D76E /* QrCodeCcreatorUITestsLaunchTests.swift */; };
		088600E429987CA200E2D76E /* QRcodeGenerator.swift in Sources */ = {isa = PBXBuildFile; fileRef = 088600E329987CA200E2D76E /* QRcodeGenerator.swift */; };
/* End PBXBuildFile section */

/* Begin PBXContainerItemProxy section */
		088600C729987B8400E2D76E /* PBXContainerItemProxy */ = {
			isa = PBXContainerItemProxy;
			containerPortal = 088600AE29987B8200E2D76E /* Project object */;
			proxyType = 1;
			remoteGlobalIDString = 088600B529987B8200E2D76E;
			remoteInfo = QrCodeCcreator;
		};
		088600D129987B8500E2D76E /* PBXContainerItemProxy */ = {
			isa = PBXContainerItemProxy;
			containerPortal = 088600AE29987B8200E2D76E /* Project object */;
			proxyType = 1;
			remoteGlobalIDString = 088600B529987B8200E2D76E;
			remoteInfo = QrCodeCcreator;
		};
/* End PBXContainerItemProxy section */

/* Begin PBXFileReference section */
		088600B629987B8200E2D76E /* QrCodeCcreator.app */ = {isa = PBXFileReference; explicitFileType = wrapper.application; includeInIndex = 0; path = QrCodeCcreator.app; sourceTree = BUILT_PRODUCTS_DIR; };
		088600B929987B8200E2D76E /* QrCodeCcreatorApp.swift */ = {isa = PBXFileReference; lastKnownFileType = sourcecode.swift; path = QrCodeCcreatorApp.swift; sourceTree = "<group>"; };
		088600BB29987B8200E2D76E /* ContentView.swift */ = {isa = PBXFileReference; lastKnownFileType = sourcecode.swift; path = ContentView.swift; sourceTree = "<group>"; };
		088600BD29987B8400E2D76E /* Assets.xcassets */ = {isa = PBXFileReference; lastKnownFileType = folder.assetcatalog; path = Assets.xcassets; sourceTree = "<group>"; };
		088600C029987B8400E2D76E /* Preview Assets.xcassets */ = {isa = PBXFileReference; lastKnownFileType = folder.assetcatalog; path = "Preview Assets.xcassets"; sourceTree = "<group>"; };
		088600C629987B8400E2D76E /* QrCodeCcreatorTests.xctest */ = {isa = PBXFileReference; explicitFileType = wrapper.cfbundle; includeInIndex = 0; path = QrCodeCcreatorTests.xctest; sourceTree = BUILT_PRODUCTS_DIR; };
		088600CA29987B8400E2D76E /* QrCodeCcreatorTests.swift */ = {isa = PBXFileReference; lastKnownFileType = sourcecode.swift; path = QrCodeCcreatorTests.swift; sourceTree = "<group>"; };
		088600D029987B8500E2D76E /* QrCodeCcreatorUITests.xctest */ = {isa = PBXFileReference; explicitFileType = wrapper.cfbundle; includeInIndex = 0; path = QrCodeCcreatorUITests.xctest; sourceTree = BUILT_PRODUCTS_DIR; };
		088600D429987B8500E2D76E /* QrCodeCcreatorUITests.swift */ = {isa = PBXFileReference; lastKnownFileType = sourcecode.swift; path = QrCodeCcreatorUITests.swift; sourceTree = "<group>"; };
		088600D629987B8500E2D76E /* QrCodeCcreatorUITestsLaunchTests.swift */ = {isa = PBXFileReference; lastKnownFileType = sourcecode.swift; path = QrCodeCcreatorUITestsLaunchTests.swift; sourceTree = "<group>"; };
		088600E329987CA200E2D76E /* QRcodeGenerator.swift */ = {isa = PBXFileReference; lastKnownFileType = sourcecode.swift; path = QRcodeGenerator.swift; sourceTree = "<group>"; };
/* End PBXFileReference section */

/* Begin PBXFrameworksBuildPhase section */
		088600B329987B8200E2D76E /* Frameworks */ = {
			isa = PBXFrameworksBuildPhase;
			buildActionMask = 2147483647;
			files = (
			);
			runOnlyForDeploymentPostprocessing = 0;
		};
		088600C329987B8400E2D76E /* Frameworks */ = {
			isa = PBXFrameworksBuildPhase;
			buildActionMask = 2147483647;
			files = (
			);
			runOnlyForDeploymentPostprocessing = 0;
		};
		088600CD29987B8500E2D76E /* Frameworks */ = {
			isa = PBXFrameworksBuildPhase;
			buildActionMask = 2147483647;
			files = (
			);
			runOnlyForDeploymentPostprocessing = 0;
		};
/* End PBXFrameworksBuildPhase section */

/* Begin PBXGroup section */
		088600AD29987B8200E2D76E = {
			isa = PBXGroup;
			children = (
				088600B829987B8200E2D76E /* QrCodeCcreator */,
				088600C929987B8400E2D76E /* QrCodeCcreatorTests */,
				088600D329987B8500E2D76E /* QrCodeCcreatorUITests */,
				088600B729987B8200E2D76E /* Products */,
			);
			sourceTree = "<group>";
		};
		088600B729987B8200E2D76E /* Products */ = {
			isa = PBXGroup;
			children = (
				088600B629987B8200E2D76E /* QrCodeCcreator.app */,
				088600C629987B8400E2D76E /* QrCodeCcreatorTests.xctest */,
				088600D029987B8500E2D76E /* QrCodeCcreatorUITests.xctest */,
			);
			name = Products;
			sourceTree = "<group>";
		};
		088600B829987B8200E2D76E /* QrCodeCcreator */ = {
			isa = PBXGroup;
			children = (
				088600B929987B8200E2D76E /* QrCodeCcreatorApp.swift */,
				088600BB29987B8200E2D76E /* ContentView.swift */,
				088600BD29987B8400E2D76E /* Assets.xcassets */,
				088600BF29987B8400E2D76E /* Preview Content */,
				088600E329987CA200E2D76E /* QRcodeGenerator.swift */,
			);
			path = QrCodeCcreator;
			sourceTree = "<group>";
		};
		088600BF29987B8400E2D76E /* Preview Content */ = {
			isa = PBXGroup;
			children = (
				088600C029987B8400E2D76E /* Preview Assets.xcassets */,
			);
			path = "Preview Content";
			sourceTree = "<group>";
		};
		088600C929987B8400E2D76E /* QrCodeCcreatorTests */ = {
			isa = PBXGroup;
			children = (
				088600CA29987B8400E2D76E /* QrCodeCcreatorTests.swift */,
			);
			path = QrCodeCcreatorTests;
			sourceTree = "<group>";
		};
		088600D329987B8500E2D76E /* QrCodeCcreatorUITests */ = {
			isa = PBXGroup;
			children = (
				088600D429987B8500E2D76E /* QrCodeCcreatorUITests.swift */,
				088600D629987B8500E2D76E /* QrCodeCcreatorUITestsLaunchTests.swift */,
			);
			path = QrCodeCcreatorUITests;
			sourceTree = "<group>";
		};
/* End PBXGroup section */

/* Begin PBXNativeTarget section */
		088600B529987B8200E2D76E /* QrCodeCcreator */ = {
			isa = PBXNativeTarget;
			buildConfigurationList = 088600DA29987B8500E2D76E /* Build configuration list for PBXNativeTarget "QrCodeCcreator" */;
			buildPhases = (
				088600B229987B8200E2D76E /* Sources */,
				088600B329987B8200E2D76E /* Frameworks */,
				088600B429987B8200E2D76E /* Resources */,
			);
			buildRules = (
			);
			dependencies = (
			);
			name = QrCodeCcreator;
			productName = QrCodeCcreator;
			productReference = 088600B629987B8200E2D76E /* QrCodeCcreator.app */;
			productType = "com.apple.product-type.application";
		};
		088600C529987B8400E2D76E /* QrCodeCcreatorTests */ = {
			isa = PBXNativeTarget;
			buildConfigurationList = 088600DD29987B8500E2D76E /* Build configuration list for PBXNativeTarget "QrCodeCcreatorTests" */;
			buildPhases = (
				088600C229987B8400E2D76E /* Sources */,
				088600C329987B8400E2D76E /* Frameworks */,
				088600C429987B8400E2D76E /* Resources */,
			);
			buildRules = (
			);
			dependencies = (
				088600C829987B8400E2D76E /* PBXTargetDependency */,
			);
			name = QrCodeCcreatorTests;
			productName = QrCodeCcreatorTests;
			productReference = 088600C629987B8400E2D76E /* QrCodeCcreatorTests.xctest */;
			productType = "com.apple.product-type.bundle.unit-test";
		};
		088600CF29987B8500E2D76E /* QrCodeCcreatorUITests */ = {
			isa = PBXNativeTarget;
			buildConfigurationList = 088600E029987B8500E2D76E /* Build configuration list for PBXNativeTarget "QrCodeCcreatorUITests" */;
			buildPhases = (
				088600CC29987B8500E2D76E /* Sources */,
				088600CD29987B8500E2D76E /* Frameworks */,
				088600CE29987B8500E2D76E /* Resources */,
			);
			buildRules = (
			);
			dependencies = (
				088600D229987B8500E2D76E /* PBXTargetDependency */,
			);
			name = QrCodeCcreatorUITests;
			productName = QrCodeCcreatorUITests;
			productReference = 088600D029987B8500E2D76E /* QrCodeCcreatorUITests.xctest */;
			productType = "com.apple.product-type.bundle.ui-testing";
		};
/* End PBXNativeTarget section */

/* Begin PBXProject section */
		088600AE29987B8200E2D76E /* Project object */ = {
			isa = PBXProject;
			attributes = {
				BuildIndependentTargetsInParallel = 1;
				LastSwiftUpdateCheck = 1420;
				LastUpgradeCheck = 1420;
				TargetAttributes = {
					088600B529987B8200E2D76E = {
						CreatedOnToolsVersion = 14.2;
					};
					088600C529987B8400E2D76E = {
						CreatedOnToolsVersion = 14.2;
						TestTargetID = 088600B529987B8200E2D76E;
					};
					088600CF29987B8500E2D76E = {
						CreatedOnToolsVersion = 14.2;
						TestTargetID = 088600B529987B8200E2D76E;
					};
				};
			};
			buildConfigurationList = 088600B129987B8200E2D76E /* Build configuration list for PBXProject "QrCodeCcreator" */;
			compatibilityVersion = "Xcode 14.0";
			developmentRegion = en;
			hasScannedForEncodings = 0;
			knownRegions = (
				en,
				Base,
			);
			mainGroup = 088600AD29987B8200E2D76E;
			productRefGroup = 088600B729987B8200E2D76E /* Products */;
			projectDirPath = "";
			projectRoot = "";
			targets = (
				088600B529987B8200E2D76E /* QrCodeCcreator */,
				088600C529987B8400E2D76E /* QrCodeCcreatorTests */,
				088600CF29987B8500E2D76E /* QrCodeCcreatorUITests */,
			);
		};
/* End PBXProject section */

/* Begin PBXResourcesBuildPhase section */
		088600B429987B8200E2D76E /* Resources */ = {
			isa = PBXResourcesBuildPhase;
			buildActionMask = 2147483647;
			files = (
				088600C129987B8400E2D76E /* Preview Assets.xcassets in Resources */,
				088600BE29987B8400E2D76E /* Assets.xcassets in Resources */,
			);
			runOnlyForDeploymentPostprocessing = 0;
		};
		088600C429987B8400E2D76E /* Resources */ = {
			isa = PBXResourcesBuildPhase;
			buildActionMask = 2147483647;
			files = (
			);
			runOnlyForDeploymentPostprocessing = 0;
		};
		088600CE29987B8500E2D76E /* Resources */ = {
			isa = PBXResourcesBuildPhase;
			buildActionMask = 2147483647;
			files = (
			);
			runOnlyForDeploymentPostprocessing = 0;
		};
/* End PBXResourcesBuildPhase section */

/* Begin PBXSourcesBuildPhase section */
		088600B229987B8200E2D76E /* Sources */ = {
			isa = PBXSourcesBuildPhase;
			buildActionMask = 2147483647;
			files = (
				088600BC29987B8200E2D76E /* ContentView.swift in Sources */,
				088600E429987CA200E2D76E /* QRcodeGenerator.swift in Sources */,
				088600BA29987B8200E2D76E /* QrCodeCcreatorApp.swift in Sources */,
			);
			runOnlyForDeploymentPostprocessing = 0;
		};
		088600C229987B8400E2D76E /* Sources */ = {
			isa = PBXSourcesBuildPhase;
			buildActionMask = 2147483647;
			files = (
				088600CB29987B8400E2D76E /* QrCodeCcreatorTests.swift in Sources */,
			);
			runOnlyForDeploymentPostprocessing = 0;
		};
		088600CC29987B8500E2D76E /* Sources */ = {
			isa = PBXSourcesBuildPhase;
			buildActionMask = 2147483647;
			files = (
				088600D529987B8500E2D76E /* QrCodeCcreatorUITests.swift in Sources */,
				088600D729987B8500E2D76E /* QrCodeCcreatorUITestsLaunchTests.swift in Sources */,
			);
			runOnlyForDeploymentPostprocessing = 0;
		};
/* End PBXSourcesBuildPhase section */

/* Begin PBXTargetDependency section */
		088600C829987B8400E2D76E /* PBXTargetDependency */ = {
			isa = PBXTargetDependency;
			target = 088600B529987B8200E2D76E /* QrCodeCcreator */;
			targetProxy = 088600C729987B8400E2D76E /* PBXContainerItemProxy */;
		};
		088600D229987B8500E2D76E /* PBXTargetDependency */ = {
			isa = PBXTargetDependency;
			target = 088600B529987B8200E2D76E /* QrCodeCcreator */;
			targetProxy = 088600D129987B8500E2D76E /* PBXContainerItemProxy */;
		};
/* End PBXTargetDependency section */

/* Begin XCBuildConfiguration section */
		088600D829987B8500E2D76E /* Debug */ = {
			isa = XCBuildConfiguration;
			buildSettings = {
				ALWAYS_SEARCH_USER_PATHS = NO;
				CLANG_ANALYZER_NONNULL = YES;
				CLANG_ANALYZER_NUMBER_OBJECT_CONVERSION = YES_AGGRESSIVE;
				CLANG_CXX_LANGUAGE_STANDARD = "gnu++20";
				CLANG_ENABLE_MODULES = YES;
				CLANG_ENABLE_OBJC_ARC = YES;
				CLANG_ENABLE_OBJC_WEAK = YES;
				CLANG_WARN_BLOCK_CAPTURE_AUTORELEASING = YES;
				CLANG_WARN_BOOL_CONVERSION = YES;
				CLANG_WARN_COMMA = YES;
				CLANG_WARN_CONSTANT_CONVERSION = YES;
				CLANG_WARN_DEPRECATED_OBJC_IMPLEMENTATIONS = YES;
				CLANG_WARN_DIRECT_OBJC_ISA_USAGE = YES_ERROR;
				CLANG_WARN_DOCUMENTATION_COMMENTS = YES;
				CLANG_WARN_EMPTY_BODY = YES;
				CLANG_WARN_ENUM_CONVERSION = YES;
				CLANG_WARN_INFINITE_RECURSION = YES;
				CLANG_WARN_INT_CONVERSION = YES;
				CLANG_WARN_NON_LITERAL_NULL_CONVERSION = YES;
				CLANG_WARN_OBJC_IMPLICIT_RETAIN_SELF = YES;
				CLANG_WARN_OBJC_LITERAL_CONVERSION = YES;
				CLANG_WARN_OBJC_ROOT_CLASS = YES_ERROR;
				CLANG_WARN_QUOTED_INCLUDE_IN_FRAMEWORK_HEADER = YES;
				CLANG_WARN_RANGE_LOOP_ANALYSIS = YES;
				CLANG_WARN_STRICT_PROTOTYPES = YES;
				CLANG_WARN_SUSPICIOUS_MOVE = YES;
				CLANG_WARN_UNGUARDED_AVAILABILITY = YES_AGGRESSIVE;
				CLANG_WARN_UNREACHABLE_CODE = YES;
				CLANG_WARN__DUPLICATE_METHOD_MATCH = YES;
				COPY_PHASE_STRIP = NO;
				DEBUG_INFORMATION_FORMAT = dwarf;
				ENABLE_STRICT_OBJC_MSGSEND = YES;
				ENABLE_TESTABILITY = YES;
				GCC_C_LANGUAGE_STANDARD = gnu11;
				GCC_DYNAMIC_NO_PIC = NO;
				GCC_NO_COMMON_BLOCKS = YES;
				GCC_OPTIMIZATION_LEVEL = 0;
				GCC_PREPROCESSOR_DEFINITIONS = (
					"DEBUG=1",
					"$(inherited)",
				);
				GCC_WARN_64_TO_32_BIT_CONVERSION = YES;
				GCC_WARN_ABOUT_RETURN_TYPE = YES_ERROR;
				GCC_WARN_UNDECLARED_SELECTOR = YES;
				GCC_WARN_UNINITIALIZED_AUTOS = YES_AGGRESSIVE;
				GCC_WARN_UNUSED_FUNCTION = YES;
				GCC_WARN_UNUSED_VARIABLE = YES;
				IPHONEOS_DEPLOYMENT_TARGET = 16.2;
				MTL_ENABLE_DEBUG_INFO = INCLUDE_SOURCE;
				MTL_FAST_MATH = YES;
				ONLY_ACTIVE_ARCH = YES;
				SDKROOT = iphoneos;
				SWIFT_ACTIVE_COMPILATION_CONDITIONS = DEBUG;
				SWIFT_OPTIMIZATION_LEVEL = "-Onone";
			};
			name = Debug;
		};
		088600D929987B8500E2D76E /* Release */ = {
			isa = XCBuildConfiguration;
			buildSettings = {
				ALWAYS_SEARCH_USER_PATHS = NO;
				CLANG_ANALYZER_NONNULL = YES;
				CLANG_ANALYZER_NUMBER_OBJECT_CONVERSION = YES_AGGRESSIVE;
				CLANG_CXX_LANGUAGE_STANDARD = "gnu++20";
				CLANG_ENABLE_MODULES = YES;
				CLANG_ENABLE_OBJC_ARC = YES;
				CLANG_ENABLE_OBJC_WEAK = YES;
				CLANG_WARN_BLOCK_CAPTURE_AUTORELEASING = YES;
				CLANG_WARN_BOOL_CONVERSION = YES;
				CLANG_WARN_COMMA = YES;
				CLANG_WARN_CONSTANT_CONVERSION = YES;
				CLANG_WARN_DEPRECATED_OBJC_IMPLEMENTATIONS = YES;
				CLANG_WARN_DIRECT_OBJC_ISA_USAGE = YES_ERROR;
				CLANG_WARN_DOCUMENTATION_COMMENTS = YES;
				CLANG_WARN_EMPTY_BODY = YES;
				CLANG_WARN_ENUM_CONVERSION = YES;
				CLANG_WARN_INFINITE_RECURSION = YES;
				CLANG_WARN_INT_CONVERSION = YES;
				CLANG_WARN_NON_LITERAL_NULL_CONVERSION = YES;
				CLANG_WARN_OBJC_IMPLICIT_RETAIN_SELF = YES;
				CLANG_WARN_OBJC_LITERAL_CONVERSION = YES;
				CLANG_WARN_OBJC_ROOT_CLASS = YES_ERROR;
				CLANG_WARN_QUOTED_INCLUDE_IN_FRAMEWORK_HEADER = YES;
				CLANG_WARN_RANGE_LOOP_ANALYSIS = YES;
				CLANG_WARN_STRICT_PROTOTYPES = YES;
				CLANG_WARN_SUSPICIOUS_MOVE = YES;
				CLANG_WARN_UNGUARDED_AVAILABILITY = YES_AGGRESSIVE;
				CLANG_WARN_UNREACHABLE_CODE = YES;
				CLANG_WARN__DUPLICATE_METHOD_MATCH = YES;
				COPY_PHASE_STRIP = NO;
				DEBUG_INFORMATION_FORMAT = "dwarf-with-dsym";
				ENABLE_NS_ASSERTIONS = NO;
				ENABLE_STRICT_OBJC_MSGSEND = YES;
				GCC_C_LANGUAGE_STANDARD = gnu11;
				GCC_NO_COMMON_BLOCKS = YES;
				GCC_WARN_64_TO_32_BIT_CONVERSION = YES;
				GCC_WARN_ABOUT_RETURN_TYPE = YES_ERROR;
				GCC_WARN_UNDECLARED_SELECTOR = YES;
				GCC_WARN_UNINITIALIZED_AUTOS = YES_AGGRESSIVE;
				GCC_WARN_UNUSED_FUNCTION = YES;
				GCC_WARN_UNUSED_VARIABLE = YES;
				IPHONEOS_DEPLOYMENT_TARGET = 16.2;
				MTL_ENABLE_DEBUG_INFO = NO;
				MTL_FAST_MATH = YES;
				SDKROOT = iphoneos;
				SWIFT_COMPILATION_MODE = wholemodule;
				SWIFT_OPTIMIZATION_LEVEL = "-O";
				VALIDATE_PRODUCT = YES;
			};
			name = Release;
		};
		088600DB29987B8500E2D76E /* Debug */ = {
			isa = XCBuildConfiguration;
			buildSettings = {
				ASSETCATALOG_COMPILER_APPICON_NAME = AppIcon;
				ASSETCATALOG_COMPILER_GLOBAL_ACCENT_COLOR_NAME = AccentColor;
				CODE_SIGN_STYLE = Automatic;
				CURRENT_PROJECT_VERSION = 1;
				DEVELOPMENT_ASSET_PATHS = "\"QrCodeCcreator/Preview Content\"";
				DEVELOPMENT_TEAM = QD2MBVB859;
				ENABLE_PREVIEWS = YES;
				GENERATE_INFOPLIST_FILE = YES;
				INFOPLIST_KEY_UIApplicationSceneManifest_Generation = YES;
				INFOPLIST_KEY_UIApplicationSupportsIndirectInputEvents = YES;
				INFOPLIST_KEY_UILaunchScreen_Generation = YES;
				INFOPLIST_KEY_UISupportedInterfaceOrientations_iPad = "UIInterfaceOrientationPortrait UIInterfaceOrientationPortraitUpsideDown UIInterfaceOrientationLandscapeLeft UIInterfaceOrientationLandscapeRight";
				INFOPLIST_KEY_UISupportedInterfaceOrientations_iPhone = "UIInterfaceOrientationPortrait UIInterfaceOrientationLandscapeLeft UIInterfaceOrientationLandscapeRight";
				LD_RUNPATH_SEARCH_PATHS = (
					"$(inherited)",
					"@executable_path/Frameworks",
				);
				MARKETING_VERSION = 1.0;
				PRODUCT_BUNDLE_IDENTIFIER = com.takuchan.sample.QrCodeCcreator;
				PRODUCT_NAME = "$(TARGET_NAME)";
				SWIFT_EMIT_LOC_STRINGS = YES;
				SWIFT_VERSION = 5.0;
				TARGETED_DEVICE_FAMILY = "1,2";
			};
			name = Debug;
		};
		088600DC29987B8500E2D76E /* Release */ = {
			isa = XCBuildConfiguration;
			buildSettings = {
				ASSETCATALOG_COMPILER_APPICON_NAME = AppIcon;
				ASSETCATALOG_COMPILER_GLOBAL_ACCENT_COLOR_NAME = AccentColor;
				CODE_SIGN_STYLE = Automatic;
				CURRENT_PROJECT_VERSION = 1;
				DEVELOPMENT_ASSET_PATHS = "\"QrCodeCcreator/Preview Content\"";
				DEVELOPMENT_TEAM = QD2MBVB859;
				ENABLE_PREVIEWS = YES;
				GENERATE_INFOPLIST_FILE = YES;
				INFOPLIST_KEY_UIApplicationSceneManifest_Generation = YES;
				INFOPLIST_KEY_UIApplicationSupportsIndirectInputEvents = YES;
				INFOPLIST_KEY_UILaunchScreen_Generation = YES;
				INFOPLIST_KEY_UISupportedInterfaceOrientations_iPad = "UIInterfaceOrientationPortrait UIInterfaceOrientationPortraitUpsideDown UIInterfaceOrientationLandscapeLeft UIInterfaceOrientationLandscapeRight";
				INFOPLIST_KEY_UISupportedInterfaceOrientations_iPhone = "UIInterfaceOrientationPortrait UIInterfaceOrientationLandscapeLeft UIInterfaceOrientationLandscapeRight";
				LD_RUNPATH_SEARCH_PATHS = (
					"$(inherited)",
					"@executable_path/Frameworks",
				);
				MARKETING_VERSION = 1.0;
				PRODUCT_BUNDLE_IDENTIFIER = com.takuchan.sample.QrCodeCcreator;
				PRODUCT_NAME = "$(TARGET_NAME)";
				SWIFT_EMIT_LOC_STRINGS = YES;
				SWIFT_VERSION = 5.0;
				TARGETED_DEVICE_FAMILY = "1,2";
			};
			name = Release;
		};
		088600DE29987B8500E2D76E /* Debug */ = {
			isa = XCBuildConfiguration;
			buildSettings = {
				ALWAYS_EMBED_SWIFT_STANDARD_LIBRARIES = YES;
				BUNDLE_LOADER = "$(TEST_HOST)";
				CODE_SIGN_STYLE = Automatic;
				CURRENT_PROJECT_VERSION = 1;
				DEVELOPMENT_TEAM = QD2MBVB859;
				GENERATE_INFOPLIST_FILE = YES;
				IPHONEOS_DEPLOYMENT_TARGET = 16.2;
				MARKETING_VERSION = 1.0;
				PRODUCT_BUNDLE_IDENTIFIER = com.takuchan.sample.QrCodeCcreatorTests;
				PRODUCT_NAME = "$(TARGET_NAME)";
				SWIFT_EMIT_LOC_STRINGS = NO;
				SWIFT_VERSION = 5.0;
				TARGETED_DEVICE_FAMILY = "1,2";
				TEST_HOST = "$(BUILT_PRODUCTS_DIR)/QrCodeCcreator.app/$(BUNDLE_EXECUTABLE_FOLDER_PATH)/QrCodeCcreator";
			};
			name = Debug;
		};
		088600DF29987B8500E2D76E /* Release */ = {
			isa = XCBuildConfiguration;
			buildSettings = {
				ALWAYS_EMBED_SWIFT_STANDARD_LIBRARIES = YES;
				BUNDLE_LOADER = "$(TEST_HOST)";
				CODE_SIGN_STYLE = Automatic;
				CURRENT_PROJECT_VERSION = 1;
				DEVELOPMENT_TEAM = QD2MBVB859;
				GENERATE_INFOPLIST_FILE = YES;
				IPHONEOS_DEPLOYMENT_TARGET = 16.2;
				MARKETING_VERSION = 1.0;
				PRODUCT_BUNDLE_IDENTIFIER = com.takuchan.sample.QrCodeCcreatorTests;
				PRODUCT_NAME = "$(TARGET_NAME)";
				SWIFT_EMIT_LOC_STRINGS = NO;
				SWIFT_VERSION = 5.0;
				TARGETED_DEVICE_FAMILY = "1,2";
				TEST_HOST = "$(BUILT_PRODUCTS_DIR)/QrCodeCcreator.app/$(BUNDLE_EXECUTABLE_FOLDER_PATH)/QrCodeCcreator";
			};
			name = Release;
		};
		088600E129987B8500E2D76E /* Debug */ = {
			isa = XCBuildConfiguration;
			buildSettings = {
				ALWAYS_EMBED_SWIFT_STANDARD_LIBRARIES = YES;
				CODE_SIGN_STYLE = Automatic;
				CURRENT_PROJECT_VERSION = 1;
				DEVELOPMENT_TEAM = QD2MBVB859;
				GENERATE_INFOPLIST_FILE = YES;
				MARKETING_VERSION = 1.0;
				PRODUCT_BUNDLE_IDENTIFIER = com.takuchan.sample.QrCodeCcreatorUITests;
				PRODUCT_NAME = "$(TARGET_NAME)";
				SWIFT_EMIT_LOC_STRINGS = NO;
				SWIFT_VERSION = 5.0;
				TARGETED_DEVICE_FAMILY = "1,2";
				TEST_TARGET_NAME = QrCodeCcreator;
			};
			name = Debug;
		};
		088600E229987B8500E2D76E /* Release */ = {
			isa = XCBuildConfiguration;
			buildSettings = {
				ALWAYS_EMBED_SWIFT_STANDARD_LIBRARIES = YES;
				CODE_SIGN_STYLE = Automatic;
				CURRENT_PROJECT_VERSION = 1;
				DEVELOPMENT_TEAM = QD2MBVB859;
				GENERATE_INFOPLIST_FILE = YES;
				MARKETING_VERSION = 1.0;
				PRODUCT_BUNDLE_IDENTIFIER = com.takuchan.sample.QrCodeCcreatorUITests;
				PRODUCT_NAME = "$(TARGET_NAME)";
				SWIFT_EMIT_LOC_STRINGS = NO;
				SWIFT_VERSION = 5.0;
				TARGETED_DEVICE_FAMILY = "1,2";
				TEST_TARGET_NAME = QrCodeCcreator;
			};
			name = Release;
		};
/* End XCBuildConfiguration section */

/* Begin XCConfigurationList section */
		088600B129987B8200E2D76E /* Build configuration list for PBXProject "QrCodeCcreator" */ = {
			isa = XCConfigurationList;
			buildConfigurations = (
				088600D829987B8500E2D76E /* Debug */,
				088600D929987B8500E2D76E /* Release */,
			);
			defaultConfigurationIsVisible = 0;
			defaultConfigurationName = Release;
		};
		088600DA29987B8500E2D76E /* Build configuration list for PBXNativeTarget "QrCodeCcreator" */ = {
			isa = XCConfigurationList;
			buildConfigurations = (
				088600DB29987B8500E2D76E /* Debug */,
				088600DC29987B8500E2D76E /* Release */,
			);
			defaultConfigurationIsVisible = 0;
			defaultConfigurationName = Release;
		};
		088600DD29987B8500E2D76E /* Build configuration list for PBXNativeTarget "QrCodeCcreatorTests" */ = {
			isa = XCConfigurationList;
			buildConfigurations = (
				088600DE29987B8500E2D76E /* Debug */,
				088600DF29987B8500E2D76E /* Release */,
			);
			defaultConfigurationIsVisible = 0;
			defaultConfigurationName = Release;
		};
		088600E029987B8500E2D76E /* Build configuration list for PBXNativeTarget "QrCodeCcreatorUITests" */ = {
			isa = XCConfigurationList;
			buildConfigurations = (
				088600E129987B8500E2D76E /* Debug */,
				088600E229987B8500E2D76E /* Release */,
			);
			defaultConfigurationIsVisible = 0;
			defaultConfigurationName = Release;
		};
/* End XCConfigurationList section */
	};
	rootObject = 088600AE29987B8200E2D76E /* Project object */;
}
