// !$*UTF8*$!
{
	archiveVersion = 1;
	classes = {
	};
	objectVersion = 56;
	objects = {

/* Begin PBXBuildFile section */
		087271042997B6A30011C654 /* CreateRowApp.swift in Sources */ = {isa = PBXBuildFile; fileRef = 087271032997B6A30011C654 /* CreateRowApp.swift */; };
		087271062997B6A30011C654 /* ContentView.swift in Sources */ = {isa = PBXBuildFile; fileRef = 087271052997B6A30011C654 /* ContentView.swift */; };
		087271082997B6A50011C654 /* Assets.xcassets in Resources */ = {isa = PBXBuildFile; fileRef = 087271072997B6A50011C654 /* Assets.xcassets */; };
		0872710B2997B6A50011C654 /* Preview Assets.xcassets in Resources */ = {isa = PBXBuildFile; fileRef = 0872710A2997B6A50011C654 /* Preview Assets.xcassets */; };
		087271152997B6A50011C654 /* CreateRowTests.swift in Sources */ = {isa = PBXBuildFile; fileRef = 087271142997B6A50011C654 /* CreateRowTests.swift */; };
		0872711F2997B6A50011C654 /* CreateRowUITests.swift in Sources */ = {isa = PBXBuildFile; fileRef = 0872711E2997B6A50011C654 /* CreateRowUITests.swift */; };
		087271212997B6A50011C654 /* CreateRowUITestsLaunchTests.swift in Sources */ = {isa = PBXBuildFile; fileRef = 087271202997B6A50011C654 /* CreateRowUITestsLaunchTests.swift */; };
		0872712E2997B90C0011C654 /* Model.swift in Sources */ = {isa = PBXBuildFile; fileRef = 0872712D2997B90C0011C654 /* Model.swift */; };
/* End PBXBuildFile section */

/* Begin PBXContainerItemProxy section */
		087271112997B6A50011C654 /* PBXContainerItemProxy */ = {
			isa = PBXContainerItemProxy;
			containerPortal = 087270F82997B6A30011C654 /* Project object */;
			proxyType = 1;
			remoteGlobalIDString = 087270FF2997B6A30011C654;
			remoteInfo = CreateRow;
		};
		0872711B2997B6A50011C654 /* PBXContainerItemProxy */ = {
			isa = PBXContainerItemProxy;
			containerPortal = 087270F82997B6A30011C654 /* Project object */;
			proxyType = 1;
			remoteGlobalIDString = 087270FF2997B6A30011C654;
			remoteInfo = CreateRow;
		};
/* End PBXContainerItemProxy section */

/* Begin PBXFileReference section */
		087271002997B6A30011C654 /* CreateRow.app */ = {isa = PBXFileReference; explicitFileType = wrapper.application; includeInIndex = 0; path = CreateRow.app; sourceTree = BUILT_PRODUCTS_DIR; };
		087271032997B6A30011C654 /* CreateRowApp.swift */ = {isa = PBXFileReference; lastKnownFileType = sourcecode.swift; path = CreateRowApp.swift; sourceTree = "<group>"; };
		087271052997B6A30011C654 /* ContentView.swift */ = {isa = PBXFileReference; lastKnownFileType = sourcecode.swift; path = ContentView.swift; sourceTree = "<group>"; };
		087271072997B6A50011C654 /* Assets.xcassets */ = {isa = PBXFileReference; lastKnownFileType = folder.assetcatalog; path = Assets.xcassets; sourceTree = "<group>"; };
		0872710A2997B6A50011C654 /* Preview Assets.xcassets */ = {isa = PBXFileReference; lastKnownFileType = folder.assetcatalog; path = "Preview Assets.xcassets"; sourceTree = "<group>"; };
		087271102997B6A50011C654 /* CreateRowTests.xctest */ = {isa = PBXFileReference; explicitFileType = wrapper.cfbundle; includeInIndex = 0; path = CreateRowTests.xctest; sourceTree = BUILT_PRODUCTS_DIR; };
		087271142997B6A50011C654 /* CreateRowTests.swift */ = {isa = PBXFileReference; lastKnownFileType = sourcecode.swift; path = CreateRowTests.swift; sourceTree = "<group>"; };
		0872711A2997B6A50011C654 /* CreateRowUITests.xctest */ = {isa = PBXFileReference; explicitFileType = wrapper.cfbundle; includeInIndex = 0; path = CreateRowUITests.xctest; sourceTree = BUILT_PRODUCTS_DIR; };
		0872711E2997B6A50011C654 /* CreateRowUITests.swift */ = {isa = PBXFileReference; lastKnownFileType = sourcecode.swift; path = CreateRowUITests.swift; sourceTree = "<group>"; };
		087271202997B6A50011C654 /* CreateRowUITestsLaunchTests.swift */ = {isa = PBXFileReference; lastKnownFileType = sourcecode.swift; path = CreateRowUITestsLaunchTests.swift; sourceTree = "<group>"; };
		0872712D2997B90C0011C654 /* Model.swift */ = {isa = PBXFileReference; lastKnownFileType = sourcecode.swift; path = Model.swift; sourceTree = "<group>"; };
/* End PBXFileReference section */

/* Begin PBXFrameworksBuildPhase section */
		087270FD2997B6A30011C654 /* Frameworks */ = {
			isa = PBXFrameworksBuildPhase;
			buildActionMask = 2147483647;
			files = (
			);
			runOnlyForDeploymentPostprocessing = 0;
		};
		0872710D2997B6A50011C654 /* Frameworks */ = {
			isa = PBXFrameworksBuildPhase;
			buildActionMask = 2147483647;
			files = (
			);
			runOnlyForDeploymentPostprocessing = 0;
		};
		087271172997B6A50011C654 /* Frameworks */ = {
			isa = PBXFrameworksBuildPhase;
			buildActionMask = 2147483647;
			files = (
			);
			runOnlyForDeploymentPostprocessing = 0;
		};
/* End PBXFrameworksBuildPhase section */

/* Begin PBXGroup section */
		087270F72997B6A30011C654 = {
			isa = PBXGroup;
			children = (
				087271022997B6A30011C654 /* CreateRow */,
				087271132997B6A50011C654 /* CreateRowTests */,
				0872711D2997B6A50011C654 /* CreateRowUITests */,
				087271012997B6A30011C654 /* Products */,
			);
			sourceTree = "<group>";
		};
		087271012997B6A30011C654 /* Products */ = {
			isa = PBXGroup;
			children = (
				087271002997B6A30011C654 /* CreateRow.app */,
				087271102997B6A50011C654 /* CreateRowTests.xctest */,
				0872711A2997B6A50011C654 /* CreateRowUITests.xctest */,
			);
			name = Products;
			sourceTree = "<group>";
		};
		087271022997B6A30011C654 /* CreateRow */ = {
			isa = PBXGroup;
			children = (
				087271032997B6A30011C654 /* CreateRowApp.swift */,
				087271052997B6A30011C654 /* ContentView.swift */,
				087271072997B6A50011C654 /* Assets.xcassets */,
				087271092997B6A50011C654 /* Preview Content */,
				0872712D2997B90C0011C654 /* Model.swift */,
			);
			path = CreateRow;
			sourceTree = "<group>";
		};
		087271092997B6A50011C654 /* Preview Content */ = {
			isa = PBXGroup;
			children = (
				0872710A2997B6A50011C654 /* Preview Assets.xcassets */,
			);
			path = "Preview Content";
			sourceTree = "<group>";
		};
		087271132997B6A50011C654 /* CreateRowTests */ = {
			isa = PBXGroup;
			children = (
				087271142997B6A50011C654 /* CreateRowTests.swift */,
			);
			path = CreateRowTests;
			sourceTree = "<group>";
		};
		0872711D2997B6A50011C654 /* CreateRowUITests */ = {
			isa = PBXGroup;
			children = (
				0872711E2997B6A50011C654 /* CreateRowUITests.swift */,
				087271202997B6A50011C654 /* CreateRowUITestsLaunchTests.swift */,
			);
			path = CreateRowUITests;
			sourceTree = "<group>";
		};
/* End PBXGroup section */

/* Begin PBXNativeTarget section */
		087270FF2997B6A30011C654 /* CreateRow */ = {
			isa = PBXNativeTarget;
			buildConfigurationList = 087271242997B6A50011C654 /* Build configuration list for PBXNativeTarget "CreateRow" */;
			buildPhases = (
				087270FC2997B6A30011C654 /* Sources */,
				087270FD2997B6A30011C654 /* Frameworks */,
				087270FE2997B6A30011C654 /* Resources */,
			);
			buildRules = (
			);
			dependencies = (
			);
			name = CreateRow;
			productName = CreateRow;
			productReference = 087271002997B6A30011C654 /* CreateRow.app */;
			productType = "com.apple.product-type.application";
		};
		0872710F2997B6A50011C654 /* CreateRowTests */ = {
			isa = PBXNativeTarget;
			buildConfigurationList = 087271272997B6A50011C654 /* Build configuration list for PBXNativeTarget "CreateRowTests" */;
			buildPhases = (
				0872710C2997B6A50011C654 /* Sources */,
				0872710D2997B6A50011C654 /* Frameworks */,
				0872710E2997B6A50011C654 /* Resources */,
			);
			buildRules = (
			);
			dependencies = (
				087271122997B6A50011C654 /* PBXTargetDependency */,
			);
			name = CreateRowTests;
			productName = CreateRowTests;
			productReference = 087271102997B6A50011C654 /* CreateRowTests.xctest */;
			productType = "com.apple.product-type.bundle.unit-test";
		};
		087271192997B6A50011C654 /* CreateRowUITests */ = {
			isa = PBXNativeTarget;
			buildConfigurationList = 0872712A2997B6A50011C654 /* Build configuration list for PBXNativeTarget "CreateRowUITests" */;
			buildPhases = (
				087271162997B6A50011C654 /* Sources */,
				087271172997B6A50011C654 /* Frameworks */,
				087271182997B6A50011C654 /* Resources */,
			);
			buildRules = (
			);
			dependencies = (
				0872711C2997B6A50011C654 /* PBXTargetDependency */,
			);
			name = CreateRowUITests;
			productName = CreateRowUITests;
			productReference = 0872711A2997B6A50011C654 /* CreateRowUITests.xctest */;
			productType = "com.apple.product-type.bundle.ui-testing";
		};
/* End PBXNativeTarget section */

/* Begin PBXProject section */
		087270F82997B6A30011C654 /* Project object */ = {
			isa = PBXProject;
			attributes = {
				BuildIndependentTargetsInParallel = 1;
				LastSwiftUpdateCheck = 1420;
				LastUpgradeCheck = 1420;
				TargetAttributes = {
					087270FF2997B6A30011C654 = {
						CreatedOnToolsVersion = 14.2;
					};
					0872710F2997B6A50011C654 = {
						CreatedOnToolsVersion = 14.2;
						TestTargetID = 087270FF2997B6A30011C654;
					};
					087271192997B6A50011C654 = {
						CreatedOnToolsVersion = 14.2;
						TestTargetID = 087270FF2997B6A30011C654;
					};
				};
			};
			buildConfigurationList = 087270FB2997B6A30011C654 /* Build configuration list for PBXProject "CreateRow" */;
			compatibilityVersion = "Xcode 14.0";
			developmentRegion = en;
			hasScannedForEncodings = 0;
			knownRegions = (
				en,
				Base,
			);
			mainGroup = 087270F72997B6A30011C654;
			productRefGroup = 087271012997B6A30011C654 /* Products */;
			projectDirPath = "";
			projectRoot = "";
			targets = (
				087270FF2997B6A30011C654 /* CreateRow */,
				0872710F2997B6A50011C654 /* CreateRowTests */,
				087271192997B6A50011C654 /* CreateRowUITests */,
			);
		};
/* End PBXProject section */

/* Begin PBXResourcesBuildPhase section */
		087270FE2997B6A30011C654 /* Resources */ = {
			isa = PBXResourcesBuildPhase;
			buildActionMask = 2147483647;
			files = (
				0872710B2997B6A50011C654 /* Preview Assets.xcassets in Resources */,
				087271082997B6A50011C654 /* Assets.xcassets in Resources */,
			);
			runOnlyForDeploymentPostprocessing = 0;
		};
		0872710E2997B6A50011C654 /* Resources */ = {
			isa = PBXResourcesBuildPhase;
			buildActionMask = 2147483647;
			files = (
			);
			runOnlyForDeploymentPostprocessing = 0;
		};
		087271182997B6A50011C654 /* Resources */ = {
			isa = PBXResourcesBuildPhase;
			buildActionMask = 2147483647;
			files = (
			);
			runOnlyForDeploymentPostprocessing = 0;
		};
/* End PBXResourcesBuildPhase section */

/* Begin PBXSourcesBuildPhase section */
		087270FC2997B6A30011C654 /* Sources */ = {
			isa = PBXSourcesBuildPhase;
			buildActionMask = 2147483647;
			files = (
				087271062997B6A30011C654 /* ContentView.swift in Sources */,
				0872712E2997B90C0011C654 /* Model.swift in Sources */,
				087271042997B6A30011C654 /* CreateRowApp.swift in Sources */,
			);
			runOnlyForDeploymentPostprocessing = 0;
		};
		0872710C2997B6A50011C654 /* Sources */ = {
			isa = PBXSourcesBuildPhase;
			buildActionMask = 2147483647;
			files = (
				087271152997B6A50011C654 /* CreateRowTests.swift in Sources */,
			);
			runOnlyForDeploymentPostprocessing = 0;
		};
		087271162997B6A50011C654 /* Sources */ = {
			isa = PBXSourcesBuildPhase;
			buildActionMask = 2147483647;
			files = (
				0872711F2997B6A50011C654 /* CreateRowUITests.swift in Sources */,
				087271212997B6A50011C654 /* CreateRowUITestsLaunchTests.swift in Sources */,
			);
			runOnlyForDeploymentPostprocessing = 0;
		};
/* End PBXSourcesBuildPhase section */

/* Begin PBXTargetDependency section */
		087271122997B6A50011C654 /* PBXTargetDependency */ = {
			isa = PBXTargetDependency;
			target = 087270FF2997B6A30011C654 /* CreateRow */;
			targetProxy = 087271112997B6A50011C654 /* PBXContainerItemProxy */;
		};
		0872711C2997B6A50011C654 /* PBXTargetDependency */ = {
			isa = PBXTargetDependency;
			target = 087270FF2997B6A30011C654 /* CreateRow */;
			targetProxy = 0872711B2997B6A50011C654 /* PBXContainerItemProxy */;
		};
/* End PBXTargetDependency section */

/* Begin XCBuildConfiguration section */
		087271222997B6A50011C654 /* Debug */ = {
			isa = XCBuildConfiguration;
			buildSettings = {
				ALWAYS_SEARCH_USER_PATHS = NO;
				CLANG_ANALYZER_NONNULL = YES;
				CLANG_ANALYZER_NUMBER_OBJECT_CONVERSION = YES_AGGRESSIVE;
				CLANG_CXX_LANGUAGE_STANDARD = "gnu++20";
				CLANG_ENABLE_MODULES = YES;
				CLANG_ENABLE_OBJC_ARC = YES;
				CLANG_ENABLE_OBJC_WEAK = YES;
				CLANG_WARN_BLOCK_CAPTURE_AUTORELEASING = YES;
				CLANG_WARN_BOOL_CONVERSION = YES;
				CLANG_WARN_COMMA = YES;
				CLANG_WARN_CONSTANT_CONVERSION = YES;
				CLANG_WARN_DEPRECATED_OBJC_IMPLEMENTATIONS = YES;
				CLANG_WARN_DIRECT_OBJC_ISA_USAGE = YES_ERROR;
				CLANG_WARN_DOCUMENTATION_COMMENTS = YES;
				CLANG_WARN_EMPTY_BODY = YES;
				CLANG_WARN_ENUM_CONVERSION = YES;
				CLANG_WARN_INFINITE_RECURSION = YES;
				CLANG_WARN_INT_CONVERSION = YES;
				CLANG_WARN_NON_LITERAL_NULL_CONVERSION = YES;
				CLANG_WARN_OBJC_IMPLICIT_RETAIN_SELF = YES;
				CLANG_WARN_OBJC_LITERAL_CONVERSION = YES;
				CLANG_WARN_OBJC_ROOT_CLASS = YES_ERROR;
				CLANG_WARN_QUOTED_INCLUDE_IN_FRAMEWORK_HEADER = YES;
				CLANG_WARN_RANGE_LOOP_ANALYSIS = YES;
				CLANG_WARN_STRICT_PROTOTYPES = YES;
				CLANG_WARN_SUSPICIOUS_MOVE = YES;
				CLANG_WARN_UNGUARDED_AVAILABILITY = YES_AGGRESSIVE;
				CLANG_WARN_UNREACHABLE_CODE = YES;
				CLANG_WARN__DUPLICATE_METHOD_MATCH = YES;
				COPY_PHASE_STRIP = NO;
				DEBUG_INFORMATION_FORMAT = dwarf;
				ENABLE_STRICT_OBJC_MSGSEND = YES;
				ENABLE_TESTABILITY = YES;
				GCC_C_LANGUAGE_STANDARD = gnu11;
				GCC_DYNAMIC_NO_PIC = NO;
				GCC_NO_COMMON_BLOCKS = YES;
				GCC_OPTIMIZATION_LEVEL = 0;
				GCC_PREPROCESSOR_DEFINITIONS = (
					"DEBUG=1",
					"$(inherited)",
				);
				GCC_WARN_64_TO_32_BIT_CONVERSION = YES;
				GCC_WARN_ABOUT_RETURN_TYPE = YES_ERROR;
				GCC_WARN_UNDECLARED_SELECTOR = YES;
				GCC_WARN_UNINITIALIZED_AUTOS = YES_AGGRESSIVE;
				GCC_WARN_UNUSED_FUNCTION = YES;
				GCC_WARN_UNUSED_VARIABLE = YES;
				IPHONEOS_DEPLOYMENT_TARGET = 16.2;
				MTL_ENABLE_DEBUG_INFO = INCLUDE_SOURCE;
				MTL_FAST_MATH = YES;
				ONLY_ACTIVE_ARCH = YES;
				SDKROOT = iphoneos;
				SWIFT_ACTIVE_COMPILATION_CONDITIONS = DEBUG;
				SWIFT_OPTIMIZATION_LEVEL = "-Onone";
			};
			name = Debug;
		};
		087271232997B6A50011C654 /* Release */ = {
			isa = XCBuildConfiguration;
			buildSettings = {
				ALWAYS_SEARCH_USER_PATHS = NO;
				CLANG_ANALYZER_NONNULL = YES;
				CLANG_ANALYZER_NUMBER_OBJECT_CONVERSION = YES_AGGRESSIVE;
				CLANG_CXX_LANGUAGE_STANDARD = "gnu++20";
				CLANG_ENABLE_MODULES = YES;
				CLANG_ENABLE_OBJC_ARC = YES;
				CLANG_ENABLE_OBJC_WEAK = YES;
				CLANG_WARN_BLOCK_CAPTURE_AUTORELEASING = YES;
				CLANG_WARN_BOOL_CONVERSION = YES;
				CLANG_WARN_COMMA = YES;
				CLANG_WARN_CONSTANT_CONVERSION = YES;
				CLANG_WARN_DEPRECATED_OBJC_IMPLEMENTATIONS = YES;
				CLANG_WARN_DIRECT_OBJC_ISA_USAGE = YES_ERROR;
				CLANG_WARN_DOCUMENTATION_COMMENTS = YES;
				CLANG_WARN_EMPTY_BODY = YES;
				CLANG_WARN_ENUM_CONVERSION = YES;
				CLANG_WARN_INFINITE_RECURSION = YES;
				CLANG_WARN_INT_CONVERSION = YES;
				CLANG_WARN_NON_LITERAL_NULL_CONVERSION = YES;
				CLANG_WARN_OBJC_IMPLICIT_RETAIN_SELF = YES;
				CLANG_WARN_OBJC_LITERAL_CONVERSION = YES;
				CLANG_WARN_OBJC_ROOT_CLASS = YES_ERROR;
				CLANG_WARN_QUOTED_INCLUDE_IN_FRAMEWORK_HEADER = YES;
				CLANG_WARN_RANGE_LOOP_ANALYSIS = YES;
				CLANG_WARN_STRICT_PROTOTYPES = YES;
				CLANG_WARN_SUSPICIOUS_MOVE = YES;
				CLANG_WARN_UNGUARDED_AVAILABILITY = YES_AGGRESSIVE;
				CLANG_WARN_UNREACHABLE_CODE = YES;
				CLANG_WARN__DUPLICATE_METHOD_MATCH = YES;
				COPY_PHASE_STRIP = NO;
				DEBUG_INFORMATION_FORMAT = "dwarf-with-dsym";
				ENABLE_NS_ASSERTIONS = NO;
				ENABLE_STRICT_OBJC_MSGSEND = YES;
				GCC_C_LANGUAGE_STANDARD = gnu11;
				GCC_NO_COMMON_BLOCKS = YES;
				GCC_WARN_64_TO_32_BIT_CONVERSION = YES;
				GCC_WARN_ABOUT_RETURN_TYPE = YES_ERROR;
				GCC_WARN_UNDECLARED_SELECTOR = YES;
				GCC_WARN_UNINITIALIZED_AUTOS = YES_AGGRESSIVE;
				GCC_WARN_UNUSED_FUNCTION = YES;
				GCC_WARN_UNUSED_VARIABLE = YES;
				IPHONEOS_DEPLOYMENT_TARGET = 16.2;
				MTL_ENABLE_DEBUG_INFO = NO;
				MTL_FAST_MATH = YES;
				SDKROOT = iphoneos;
				SWIFT_COMPILATION_MODE = wholemodule;
				SWIFT_OPTIMIZATION_LEVEL = "-O";
				VALIDATE_PRODUCT = YES;
			};
			name = Release;
		};
		087271252997B6A50011C654 /* Debug */ = {
			isa = XCBuildConfiguration;
			buildSettings = {
				ASSETCATALOG_COMPILER_APPICON_NAME = AppIcon;
				ASSETCATALOG_COMPILER_GLOBAL_ACCENT_COLOR_NAME = AccentColor;
				CODE_SIGN_STYLE = Automatic;
				CURRENT_PROJECT_VERSION = 1;
				DEVELOPMENT_ASSET_PATHS = "\"CreateRow/Preview Content\"";
				DEVELOPMENT_TEAM = QD2MBVB859;
				ENABLE_PREVIEWS = YES;
				GENERATE_INFOPLIST_FILE = YES;
				INFOPLIST_KEY_UIApplicationSceneManifest_Generation = YES;
				INFOPLIST_KEY_UIApplicationSupportsIndirectInputEvents = YES;
				INFOPLIST_KEY_UILaunchScreen_Generation = YES;
				INFOPLIST_KEY_UISupportedInterfaceOrientations_iPad = "UIInterfaceOrientationPortrait UIInterfaceOrientationPortraitUpsideDown UIInterfaceOrientationLandscapeLeft UIInterfaceOrientationLandscapeRight";
				INFOPLIST_KEY_UISupportedInterfaceOrientations_iPhone = "UIInterfaceOrientationPortrait UIInterfaceOrientationLandscapeLeft UIInterfaceOrientationLandscapeRight";
				LD_RUNPATH_SEARCH_PATHS = (
					"$(inherited)",
					"@executable_path/Frameworks",
				);
				MARKETING_VERSION = 1.0;
				PRODUCT_BUNDLE_IDENTIFIER = com.takuchan.sample.CreateRow;
				PRODUCT_NAME = "$(TARGET_NAME)";
				SWIFT_EMIT_LOC_STRINGS = YES;
				SWIFT_VERSION = 5.0;
				TARGETED_DEVICE_FAMILY = "1,2";
			};
			name = Debug;
		};
		087271262997B6A50011C654 /* Release */ = {
			isa = XCBuildConfiguration;
			buildSettings = {
				ASSETCATALOG_COMPILER_APPICON_NAME = AppIcon;
				ASSETCATALOG_COMPILER_GLOBAL_ACCENT_COLOR_NAME = AccentColor;
				CODE_SIGN_STYLE = Automatic;
				CURRENT_PROJECT_VERSION = 1;
				DEVELOPMENT_ASSET_PATHS = "\"CreateRow/Preview Content\"";
				DEVELOPMENT_TEAM = QD2MBVB859;
				ENABLE_PREVIEWS = YES;
				GENERATE_INFOPLIST_FILE = YES;
				INFOPLIST_KEY_UIApplicationSceneManifest_Generation = YES;
				INFOPLIST_KEY_UIApplicationSupportsIndirectInputEvents = YES;
				INFOPLIST_KEY_UILaunchScreen_Generation = YES;
				INFOPLIST_KEY_UISupportedInterfaceOrientations_iPad = "UIInterfaceOrientationPortrait UIInterfaceOrientationPortraitUpsideDown UIInterfaceOrientationLandscapeLeft UIInterfaceOrientationLandscapeRight";
				INFOPLIST_KEY_UISupportedInterfaceOrientations_iPhone = "UIInterfaceOrientationPortrait UIInterfaceOrientationLandscapeLeft UIInterfaceOrientationLandscapeRight";
				LD_RUNPATH_SEARCH_PATHS = (
					"$(inherited)",
					"@executable_path/Frameworks",
				);
				MARKETING_VERSION = 1.0;
				PRODUCT_BUNDLE_IDENTIFIER = com.takuchan.sample.CreateRow;
				PRODUCT_NAME = "$(TARGET_NAME)";
				SWIFT_EMIT_LOC_STRINGS = YES;
				SWIFT_VERSION = 5.0;
				TARGETED_DEVICE_FAMILY = "1,2";
			};
			name = Release;
		};
		087271282997B6A50011C654 /* Debug */ = {
			isa = XCBuildConfiguration;
			buildSettings = {
				ALWAYS_EMBED_SWIFT_STANDARD_LIBRARIES = YES;
				BUNDLE_LOADER = "$(TEST_HOST)";
				CODE_SIGN_STYLE = Automatic;
				CURRENT_PROJECT_VERSION = 1;
				DEVELOPMENT_TEAM = QD2MBVB859;
				GENERATE_INFOPLIST_FILE = YES;
				IPHONEOS_DEPLOYMENT_TARGET = 16.2;
				MARKETING_VERSION = 1.0;
				PRODUCT_BUNDLE_IDENTIFIER = com.takuchan.sample.CreateRowTests;
				PRODUCT_NAME = "$(TARGET_NAME)";
				SWIFT_EMIT_LOC_STRINGS = NO;
				SWIFT_VERSION = 5.0;
				TARGETED_DEVICE_FAMILY = "1,2";
				TEST_HOST = "$(BUILT_PRODUCTS_DIR)/CreateRow.app/$(BUNDLE_EXECUTABLE_FOLDER_PATH)/CreateRow";
			};
			name = Debug;
		};
		087271292997B6A50011C654 /* Release */ = {
			isa = XCBuildConfiguration;
			buildSettings = {
				ALWAYS_EMBED_SWIFT_STANDARD_LIBRARIES = YES;
				BUNDLE_LOADER = "$(TEST_HOST)";
				CODE_SIGN_STYLE = Automatic;
				CURRENT_PROJECT_VERSION = 1;
				DEVELOPMENT_TEAM = QD2MBVB859;
				GENERATE_INFOPLIST_FILE = YES;
				IPHONEOS_DEPLOYMENT_TARGET = 16.2;
				MARKETING_VERSION = 1.0;
				PRODUCT_BUNDLE_IDENTIFIER = com.takuchan.sample.CreateRowTests;
				PRODUCT_NAME = "$(TARGET_NAME)";
				SWIFT_EMIT_LOC_STRINGS = NO;
				SWIFT_VERSION = 5.0;
				TARGETED_DEVICE_FAMILY = "1,2";
				TEST_HOST = "$(BUILT_PRODUCTS_DIR)/CreateRow.app/$(BUNDLE_EXECUTABLE_FOLDER_PATH)/CreateRow";
			};
			name = Release;
		};
		0872712B2997B6A50011C654 /* Debug */ = {
			isa = XCBuildConfiguration;
			buildSettings = {
				ALWAYS_EMBED_SWIFT_STANDARD_LIBRARIES = YES;
				CODE_SIGN_STYLE = Automatic;
				CURRENT_PROJECT_VERSION = 1;
				DEVELOPMENT_TEAM = QD2MBVB859;
				GENERATE_INFOPLIST_FILE = YES;
				MARKETING_VERSION = 1.0;
				PRODUCT_BUNDLE_IDENTIFIER = com.takuchan.sample.CreateRowUITests;
				PRODUCT_NAME = "$(TARGET_NAME)";
				SWIFT_EMIT_LOC_STRINGS = NO;
				SWIFT_VERSION = 5.0;
				TARGETED_DEVICE_FAMILY = "1,2";
				TEST_TARGET_NAME = CreateRow;
			};
			name = Debug;
		};
		0872712C2997B6A50011C654 /* Release */ = {
			isa = XCBuildConfiguration;
			buildSettings = {
				ALWAYS_EMBED_SWIFT_STANDARD_LIBRARIES = YES;
				CODE_SIGN_STYLE = Automatic;
				CURRENT_PROJECT_VERSION = 1;
				DEVELOPMENT_TEAM = QD2MBVB859;
				GENERATE_INFOPLIST_FILE = YES;
				MARKETING_VERSION = 1.0;
				PRODUCT_BUNDLE_IDENTIFIER = com.takuchan.sample.CreateRowUITests;
				PRODUCT_NAME = "$(TARGET_NAME)";
				SWIFT_EMIT_LOC_STRINGS = NO;
				SWIFT_VERSION = 5.0;
				TARGETED_DEVICE_FAMILY = "1,2";
				TEST_TARGET_NAME = CreateRow;
			};
			name = Release;
		};
/* End XCBuildConfiguration section */

/* Begin XCConfigurationList section */
		087270FB2997B6A30011C654 /* Build configuration list for PBXProject "CreateRow" */ = {
			isa = XCConfigurationList;
			buildConfigurations = (
				087271222997B6A50011C654 /* Debug */,
				087271232997B6A50011C654 /* Release */,
			);
			defaultConfigurationIsVisible = 0;
			defaultConfigurationName = Release;
		};
		087271242997B6A50011C654 /* Build configuration list for PBXNativeTarget "CreateRow" */ = {
			isa = XCConfigurationList;
			buildConfigurations = (
				087271252997B6A50011C654 /* Debug */,
				087271262997B6A50011C654 /* Release */,
			);
			defaultConfigurationIsVisible = 0;
			defaultConfigurationName = Release;
		};
		087271272997B6A50011C654 /* Build configuration list for PBXNativeTarget "CreateRowTests" */ = {
			isa = XCConfigurationList;
			buildConfigurations = (
				087271282997B6A50011C654 /* Debug */,
				087271292997B6A50011C654 /* Release */,
			);
			defaultConfigurationIsVisible = 0;
			defaultConfigurationName = Release;
		};
		0872712A2997B6A50011C654 /* Build configuration list for PBXNativeTarget "CreateRowUITests" */ = {
			isa = XCConfigurationList;
			buildConfigurations = (
				0872712B2997B6A50011C654 /* Debug */,
				0872712C2997B6A50011C654 /* Release */,
			);
			defaultConfigurationIsVisible = 0;
			defaultConfigurationName = Release;
		};
/* End XCConfigurationList section */
	};
	rootObject = 087270F82997B6A30011C654 /* Project object */;
}
