// !$*UTF8*$!
{
	archiveVersion = 1;
	classes = {
	};
	objectVersion = 56;
	objects = {

/* Begin PBXBuildFile section */
		08A72729298F748F006221FF /* CodableApp.swift in Sources */ = {isa = PBXBuildFile; fileRef = 08A72728298F748F006221FF /* CodableApp.swift */; };
		08A7272B298F748F006221FF /* ContentView.swift in Sources */ = {isa = PBXBuildFile; fileRef = 08A7272A298F748F006221FF /* ContentView.swift */; };
		08A72730298F7491006221FF /* Preview Assets.xcassets in Resources */ = {isa = PBXBuildFile; fileRef = 08A7272F298F7491006221FF /* Preview Assets.xcassets */; };
		08A7273A298F7492006221FF /* CodableTests.swift in Sources */ = {isa = PBXBuildFile; fileRef = 08A72739298F7492006221FF /* CodableTests.swift */; };
		08A72744298F7492006221FF /* CodableUITests.swift in Sources */ = {isa = PBXBuildFile; fileRef = 08A72743298F7492006221FF /* CodableUITests.swift */; };
		08A72746298F7492006221FF /* CodableUITestsLaunchTests.swift in Sources */ = {isa = PBXBuildFile; fileRef = 08A72745298F7492006221FF /* CodableUITestsLaunchTests.swift */; };
		08A72753298F74A4006221FF /* Model.swift in Sources */ = {isa = PBXBuildFile; fileRef = 08A72752298F74A4006221FF /* Model.swift */; };
		08A72755298F7652006221FF /* EditView.swift in Sources */ = {isa = PBXBuildFile; fileRef = 08A72754298F7652006221FF /* EditView.swift */; };
		08A72757298F77F4006221FF /* data.xcassets in Resources */ = {isa = PBXBuildFile; fileRef = 08A72756298F77F4006221FF /* data.xcassets */; };
		08A72759298F7818006221FF /* MusicPlay.swift in Sources */ = {isa = PBXBuildFile; fileRef = 08A72758298F7818006221FF /* MusicPlay.swift */; };
/* End PBXBuildFile section */

/* Begin PBXContainerItemProxy section */
		08A72736298F7492006221FF /* PBXContainerItemProxy */ = {
			isa = PBXContainerItemProxy;
			containerPortal = 08A7271D298F748F006221FF /* Project object */;
			proxyType = 1;
			remoteGlobalIDString = 08A72724298F748F006221FF;
			remoteInfo = Codable;
		};
		08A72740298F7492006221FF /* PBXContainerItemProxy */ = {
			isa = PBXContainerItemProxy;
			containerPortal = 08A7271D298F748F006221FF /* Project object */;
			proxyType = 1;
			remoteGlobalIDString = 08A72724298F748F006221FF;
			remoteInfo = Codable;
		};
/* End PBXContainerItemProxy section */

/* Begin PBXFileReference section */
		08A72725298F748F006221FF /* Codable.app */ = {isa = PBXFileReference; explicitFileType = wrapper.application; includeInIndex = 0; path = Codable.app; sourceTree = BUILT_PRODUCTS_DIR; };
		08A72728298F748F006221FF /* CodableApp.swift */ = {isa = PBXFileReference; lastKnownFileType = sourcecode.swift; path = CodableApp.swift; sourceTree = "<group>"; };
		08A7272A298F748F006221FF /* ContentView.swift */ = {isa = PBXFileReference; lastKnownFileType = sourcecode.swift; path = ContentView.swift; sourceTree = "<group>"; };
		08A7272F298F7491006221FF /* Preview Assets.xcassets */ = {isa = PBXFileReference; lastKnownFileType = folder.assetcatalog; path = "Preview Assets.xcassets"; sourceTree = "<group>"; };
		08A72735298F7492006221FF /* CodableTests.xctest */ = {isa = PBXFileReference; explicitFileType = wrapper.cfbundle; includeInIndex = 0; path = CodableTests.xctest; sourceTree = BUILT_PRODUCTS_DIR; };
		08A72739298F7492006221FF /* CodableTests.swift */ = {isa = PBXFileReference; lastKnownFileType = sourcecode.swift; path = CodableTests.swift; sourceTree = "<group>"; };
		08A7273F298F7492006221FF /* CodableUITests.xctest */ = {isa = PBXFileReference; explicitFileType = wrapper.cfbundle; includeInIndex = 0; path = CodableUITests.xctest; sourceTree = BUILT_PRODUCTS_DIR; };
		08A72743298F7492006221FF /* CodableUITests.swift */ = {isa = PBXFileReference; lastKnownFileType = sourcecode.swift; path = CodableUITests.swift; sourceTree = "<group>"; };
		08A72745298F7492006221FF /* CodableUITestsLaunchTests.swift */ = {isa = PBXFileReference; lastKnownFileType = sourcecode.swift; path = CodableUITestsLaunchTests.swift; sourceTree = "<group>"; };
		08A72752298F74A4006221FF /* Model.swift */ = {isa = PBXFileReference; lastKnownFileType = sourcecode.swift; path = Model.swift; sourceTree = "<group>"; };
		08A72754298F7652006221FF /* EditView.swift */ = {isa = PBXFileReference; lastKnownFileType = sourcecode.swift; path = EditView.swift; sourceTree = "<group>"; };
		08A72756298F77F4006221FF /* data.xcassets */ = {isa = PBXFileReference; lastKnownFileType = folder.assetcatalog; path = data.xcassets; sourceTree = "<group>"; };
		08A72758298F7818006221FF /* MusicPlay.swift */ = {isa = PBXFileReference; lastKnownFileType = sourcecode.swift; path = MusicPlay.swift; sourceTree = "<group>"; };
/* End PBXFileReference section */

/* Begin PBXFrameworksBuildPhase section */
		08A72722298F748F006221FF /* Frameworks */ = {
			isa = PBXFrameworksBuildPhase;
			buildActionMask = 2147483647;
			files = (
			);
			runOnlyForDeploymentPostprocessing = 0;
		};
		08A72732298F7492006221FF /* Frameworks */ = {
			isa = PBXFrameworksBuildPhase;
			buildActionMask = 2147483647;
			files = (
			);
			runOnlyForDeploymentPostprocessing = 0;
		};
		08A7273C298F7492006221FF /* Frameworks */ = {
			isa = PBXFrameworksBuildPhase;
			buildActionMask = 2147483647;
			files = (
			);
			runOnlyForDeploymentPostprocessing = 0;
		};
/* End PBXFrameworksBuildPhase section */

/* Begin PBXGroup section */
		08A7271C298F748F006221FF = {
			isa = PBXGroup;
			children = (
				08A72727298F748F006221FF /* Codable */,
				08A72738298F7492006221FF /* CodableTests */,
				08A72742298F7492006221FF /* CodableUITests */,
				08A72726298F748F006221FF /* Products */,
			);
			sourceTree = "<group>";
		};
		08A72726298F748F006221FF /* Products */ = {
			isa = PBXGroup;
			children = (
				08A72725298F748F006221FF /* Codable.app */,
				08A72735298F7492006221FF /* CodableTests.xctest */,
				08A7273F298F7492006221FF /* CodableUITests.xctest */,
			);
			name = Products;
			sourceTree = "<group>";
		};
		08A72727298F748F006221FF /* Codable */ = {
			isa = PBXGroup;
			children = (
				08A72728298F748F006221FF /* CodableApp.swift */,
				08A7272A298F748F006221FF /* ContentView.swift */,
				08A7272E298F7491006221FF /* Preview Content */,
				08A72752298F74A4006221FF /* Model.swift */,
				08A72754298F7652006221FF /* EditView.swift */,
				08A72756298F77F4006221FF /* data.xcassets */,
				08A72758298F7818006221FF /* MusicPlay.swift */,
			);
			path = Codable;
			sourceTree = "<group>";
		};
		08A7272E298F7491006221FF /* Preview Content */ = {
			isa = PBXGroup;
			children = (
				08A7272F298F7491006221FF /* Preview Assets.xcassets */,
			);
			path = "Preview Content";
			sourceTree = "<group>";
		};
		08A72738298F7492006221FF /* CodableTests */ = {
			isa = PBXGroup;
			children = (
				08A72739298F7492006221FF /* CodableTests.swift */,
			);
			path = CodableTests;
			sourceTree = "<group>";
		};
		08A72742298F7492006221FF /* CodableUITests */ = {
			isa = PBXGroup;
			children = (
				08A72743298F7492006221FF /* CodableUITests.swift */,
				08A72745298F7492006221FF /* CodableUITestsLaunchTests.swift */,
			);
			path = CodableUITests;
			sourceTree = "<group>";
		};
/* End PBXGroup section */

/* Begin PBXNativeTarget section */
		08A72724298F748F006221FF /* Codable */ = {
			isa = PBXNativeTarget;
			buildConfigurationList = 08A72749298F7492006221FF /* Build configuration list for PBXNativeTarget "Codable" */;
			buildPhases = (
				08A72721298F748F006221FF /* Sources */,
				08A72722298F748F006221FF /* Frameworks */,
				08A72723298F748F006221FF /* Resources */,
			);
			buildRules = (
			);
			dependencies = (
			);
			name = Codable;
			productName = Codable;
			productReference = 08A72725298F748F006221FF /* Codable.app */;
			productType = "com.apple.product-type.application";
		};
		08A72734298F7492006221FF /* CodableTests */ = {
			isa = PBXNativeTarget;
			buildConfigurationList = 08A7274C298F7492006221FF /* Build configuration list for PBXNativeTarget "CodableTests" */;
			buildPhases = (
				08A72731298F7492006221FF /* Sources */,
				08A72732298F7492006221FF /* Frameworks */,
				08A72733298F7492006221FF /* Resources */,
			);
			buildRules = (
			);
			dependencies = (
				08A72737298F7492006221FF /* PBXTargetDependency */,
			);
			name = CodableTests;
			productName = CodableTests;
			productReference = 08A72735298F7492006221FF /* CodableTests.xctest */;
			productType = "com.apple.product-type.bundle.unit-test";
		};
		08A7273E298F7492006221FF /* CodableUITests */ = {
			isa = PBXNativeTarget;
			buildConfigurationList = 08A7274F298F7492006221FF /* Build configuration list for PBXNativeTarget "CodableUITests" */;
			buildPhases = (
				08A7273B298F7492006221FF /* Sources */,
				08A7273C298F7492006221FF /* Frameworks */,
				08A7273D298F7492006221FF /* Resources */,
			);
			buildRules = (
			);
			dependencies = (
				08A72741298F7492006221FF /* PBXTargetDependency */,
			);
			name = CodableUITests;
			productName = CodableUITests;
			productReference = 08A7273F298F7492006221FF /* CodableUITests.xctest */;
			productType = "com.apple.product-type.bundle.ui-testing";
		};
/* End PBXNativeTarget section */

/* Begin PBXProject section */
		08A7271D298F748F006221FF /* Project object */ = {
			isa = PBXProject;
			attributes = {
				BuildIndependentTargetsInParallel = 1;
				LastSwiftUpdateCheck = 1420;
				LastUpgradeCheck = 1420;
				TargetAttributes = {
					08A72724298F748F006221FF = {
						CreatedOnToolsVersion = 14.2;
					};
					08A72734298F7492006221FF = {
						CreatedOnToolsVersion = 14.2;
						TestTargetID = 08A72724298F748F006221FF;
					};
					08A7273E298F7492006221FF = {
						CreatedOnToolsVersion = 14.2;
						TestTargetID = 08A72724298F748F006221FF;
					};
				};
			};
			buildConfigurationList = 08A72720298F748F006221FF /* Build configuration list for PBXProject "Codable" */;
			compatibilityVersion = "Xcode 14.0";
			developmentRegion = en;
			hasScannedForEncodings = 0;
			knownRegions = (
				en,
				Base,
			);
			mainGroup = 08A7271C298F748F006221FF;
			productRefGroup = 08A72726298F748F006221FF /* Products */;
			projectDirPath = "";
			projectRoot = "";
			targets = (
				08A72724298F748F006221FF /* Codable */,
				08A72734298F7492006221FF /* CodableTests */,
				08A7273E298F7492006221FF /* CodableUITests */,
			);
		};
/* End PBXProject section */

/* Begin PBXResourcesBuildPhase section */
		08A72723298F748F006221FF /* Resources */ = {
			isa = PBXResourcesBuildPhase;
			buildActionMask = 2147483647;
			files = (
				08A72757298F77F4006221FF /* data.xcassets in Resources */,
				08A72730298F7491006221FF /* Preview Assets.xcassets in Resources */,
			);
			runOnlyForDeploymentPostprocessing = 0;
		};
		08A72733298F7492006221FF /* Resources */ = {
			isa = PBXResourcesBuildPhase;
			buildActionMask = 2147483647;
			files = (
			);
			runOnlyForDeploymentPostprocessing = 0;
		};
		08A7273D298F7492006221FF /* Resources */ = {
			isa = PBXResourcesBuildPhase;
			buildActionMask = 2147483647;
			files = (
			);
			runOnlyForDeploymentPostprocessing = 0;
		};
/* End PBXResourcesBuildPhase section */

/* Begin PBXSourcesBuildPhase section */
		08A72721298F748F006221FF /* Sources */ = {
			isa = PBXSourcesBuildPhase;
			buildActionMask = 2147483647;
			files = (
				08A72759298F7818006221FF /* MusicPlay.swift in Sources */,
				08A72753298F74A4006221FF /* Model.swift in Sources */,
				08A7272B298F748F006221FF /* ContentView.swift in Sources */,
				08A72755298F7652006221FF /* EditView.swift in Sources */,
				08A72729298F748F006221FF /* CodableApp.swift in Sources */,
			);
			runOnlyForDeploymentPostprocessing = 0;
		};
		08A72731298F7492006221FF /* Sources */ = {
			isa = PBXSourcesBuildPhase;
			buildActionMask = 2147483647;
			files = (
				08A7273A298F7492006221FF /* CodableTests.swift in Sources */,
			);
			runOnlyForDeploymentPostprocessing = 0;
		};
		08A7273B298F7492006221FF /* Sources */ = {
			isa = PBXSourcesBuildPhase;
			buildActionMask = 2147483647;
			files = (
				08A72744298F7492006221FF /* CodableUITests.swift in Sources */,
				08A72746298F7492006221FF /* CodableUITestsLaunchTests.swift in Sources */,
			);
			runOnlyForDeploymentPostprocessing = 0;
		};
/* End PBXSourcesBuildPhase section */

/* Begin PBXTargetDependency section */
		08A72737298F7492006221FF /* PBXTargetDependency */ = {
			isa = PBXTargetDependency;
			target = 08A72724298F748F006221FF /* Codable */;
			targetProxy = 08A72736298F7492006221FF /* PBXContainerItemProxy */;
		};
		08A72741298F7492006221FF /* PBXTargetDependency */ = {
			isa = PBXTargetDependency;
			target = 08A72724298F748F006221FF /* Codable */;
			targetProxy = 08A72740298F7492006221FF /* PBXContainerItemProxy */;
		};
/* End PBXTargetDependency section */

/* Begin XCBuildConfiguration section */
		08A72747298F7492006221FF /* Debug */ = {
			isa = XCBuildConfiguration;
			buildSettings = {
				ALWAYS_SEARCH_USER_PATHS = NO;
				CLANG_ANALYZER_NONNULL = YES;
				CLANG_ANALYZER_NUMBER_OBJECT_CONVERSION = YES_AGGRESSIVE;
				CLANG_CXX_LANGUAGE_STANDARD = "gnu++20";
				CLANG_ENABLE_MODULES = YES;
				CLANG_ENABLE_OBJC_ARC = YES;
				CLANG_ENABLE_OBJC_WEAK = YES;
				CLANG_WARN_BLOCK_CAPTURE_AUTORELEASING = YES;
				CLANG_WARN_BOOL_CONVERSION = YES;
				CLANG_WARN_COMMA = YES;
				CLANG_WARN_CONSTANT_CONVERSION = YES;
				CLANG_WARN_DEPRECATED_OBJC_IMPLEMENTATIONS = YES;
				CLANG_WARN_DIRECT_OBJC_ISA_USAGE = YES_ERROR;
				CLANG_WARN_DOCUMENTATION_COMMENTS = YES;
				CLANG_WARN_EMPTY_BODY = YES;
				CLANG_WARN_ENUM_CONVERSION = YES;
				CLANG_WARN_INFINITE_RECURSION = YES;
				CLANG_WARN_INT_CONVERSION = YES;
				CLANG_WARN_NON_LITERAL_NULL_CONVERSION = YES;
				CLANG_WARN_OBJC_IMPLICIT_RETAIN_SELF = YES;
				CLANG_WARN_OBJC_LITERAL_CONVERSION = YES;
				CLANG_WARN_OBJC_ROOT_CLASS = YES_ERROR;
				CLANG_WARN_QUOTED_INCLUDE_IN_FRAMEWORK_HEADER = YES;
				CLANG_WARN_RANGE_LOOP_ANALYSIS = YES;
				CLANG_WARN_STRICT_PROTOTYPES = YES;
				CLANG_WARN_SUSPICIOUS_MOVE = YES;
				CLANG_WARN_UNGUARDED_AVAILABILITY = YES_AGGRESSIVE;
				CLANG_WARN_UNREACHABLE_CODE = YES;
				CLANG_WARN__DUPLICATE_METHOD_MATCH = YES;
				COPY_PHASE_STRIP = NO;
				DEBUG_INFORMATION_FORMAT = dwarf;
				ENABLE_STRICT_OBJC_MSGSEND = YES;
				ENABLE_TESTABILITY = YES;
				GCC_C_LANGUAGE_STANDARD = gnu11;
				GCC_DYNAMIC_NO_PIC = NO;
				GCC_NO_COMMON_BLOCKS = YES;
				GCC_OPTIMIZATION_LEVEL = 0;
				GCC_PREPROCESSOR_DEFINITIONS = (
					"DEBUG=1",
					"$(inherited)",
				);
				GCC_WARN_64_TO_32_BIT_CONVERSION = YES;
				GCC_WARN_ABOUT_RETURN_TYPE = YES_ERROR;
				GCC_WARN_UNDECLARED_SELECTOR = YES;
				GCC_WARN_UNINITIALIZED_AUTOS = YES_AGGRESSIVE;
				GCC_WARN_UNUSED_FUNCTION = YES;
				GCC_WARN_UNUSED_VARIABLE = YES;
				IPHONEOS_DEPLOYMENT_TARGET = 16.2;
				MTL_ENABLE_DEBUG_INFO = INCLUDE_SOURCE;
				MTL_FAST_MATH = YES;
				ONLY_ACTIVE_ARCH = YES;
				SDKROOT = iphoneos;
				SWIFT_ACTIVE_COMPILATION_CONDITIONS = DEBUG;
				SWIFT_OPTIMIZATION_LEVEL = "-Onone";
			};
			name = Debug;
		};
		08A72748298F7492006221FF /* Release */ = {
			isa = XCBuildConfiguration;
			buildSettings = {
				ALWAYS_SEARCH_USER_PATHS = NO;
				CLANG_ANALYZER_NONNULL = YES;
				CLANG_ANALYZER_NUMBER_OBJECT_CONVERSION = YES_AGGRESSIVE;
				CLANG_CXX_LANGUAGE_STANDARD = "gnu++20";
				CLANG_ENABLE_MODULES = YES;
				CLANG_ENABLE_OBJC_ARC = YES;
				CLANG_ENABLE_OBJC_WEAK = YES;
				CLANG_WARN_BLOCK_CAPTURE_AUTORELEASING = YES;
				CLANG_WARN_BOOL_CONVERSION = YES;
				CLANG_WARN_COMMA = YES;
				CLANG_WARN_CONSTANT_CONVERSION = YES;
				CLANG_WARN_DEPRECATED_OBJC_IMPLEMENTATIONS = YES;
				CLANG_WARN_DIRECT_OBJC_ISA_USAGE = YES_ERROR;
				CLANG_WARN_DOCUMENTATION_COMMENTS = YES;
				CLANG_WARN_EMPTY_BODY = YES;
				CLANG_WARN_ENUM_CONVERSION = YES;
				CLANG_WARN_INFINITE_RECURSION = YES;
				CLANG_WARN_INT_CONVERSION = YES;
				CLANG_WARN_NON_LITERAL_NULL_CONVERSION = YES;
				CLANG_WARN_OBJC_IMPLICIT_RETAIN_SELF = YES;
				CLANG_WARN_OBJC_LITERAL_CONVERSION = YES;
				CLANG_WARN_OBJC_ROOT_CLASS = YES_ERROR;
				CLANG_WARN_QUOTED_INCLUDE_IN_FRAMEWORK_HEADER = YES;
				CLANG_WARN_RANGE_LOOP_ANALYSIS = YES;
				CLANG_WARN_STRICT_PROTOTYPES = YES;
				CLANG_WARN_SUSPICIOUS_MOVE = YES;
				CLANG_WARN_UNGUARDED_AVAILABILITY = YES_AGGRESSIVE;
				CLANG_WARN_UNREACHABLE_CODE = YES;
				CLANG_WARN__DUPLICATE_METHOD_MATCH = YES;
				COPY_PHASE_STRIP = NO;
				DEBUG_INFORMATION_FORMAT = "dwarf-with-dsym";
				ENABLE_NS_ASSERTIONS = NO;
				ENABLE_STRICT_OBJC_MSGSEND = YES;
				GCC_C_LANGUAGE_STANDARD = gnu11;
				GCC_NO_COMMON_BLOCKS = YES;
				GCC_WARN_64_TO_32_BIT_CONVERSION = YES;
				GCC_WARN_ABOUT_RETURN_TYPE = YES_ERROR;
				GCC_WARN_UNDECLARED_SELECTOR = YES;
				GCC_WARN_UNINITIALIZED_AUTOS = YES_AGGRESSIVE;
				GCC_WARN_UNUSED_FUNCTION = YES;
				GCC_WARN_UNUSED_VARIABLE = YES;
				IPHONEOS_DEPLOYMENT_TARGET = 16.2;
				MTL_ENABLE_DEBUG_INFO = NO;
				MTL_FAST_MATH = YES;
				SDKROOT = iphoneos;
				SWIFT_COMPILATION_MODE = wholemodule;
				SWIFT_OPTIMIZATION_LEVEL = "-O";
				VALIDATE_PRODUCT = YES;
			};
			name = Release;
		};
		08A7274A298F7492006221FF /* Debug */ = {
			isa = XCBuildConfiguration;
			buildSettings = {
				ASSETCATALOG_COMPILER_APPICON_NAME = AppIcon;
				ASSETCATALOG_COMPILER_GLOBAL_ACCENT_COLOR_NAME = AccentColor;
				CODE_SIGN_STYLE = Automatic;
				CURRENT_PROJECT_VERSION = 1;
				DEVELOPMENT_ASSET_PATHS = "\"Codable/Preview Content\"";
				DEVELOPMENT_TEAM = QD2MBVB859;
				ENABLE_PREVIEWS = YES;
				GENERATE_INFOPLIST_FILE = YES;
				INFOPLIST_KEY_UIApplicationSceneManifest_Generation = YES;
				INFOPLIST_KEY_UIApplicationSupportsIndirectInputEvents = YES;
				INFOPLIST_KEY_UILaunchScreen_Generation = YES;
				INFOPLIST_KEY_UISupportedInterfaceOrientations_iPad = "UIInterfaceOrientationPortrait UIInterfaceOrientationPortraitUpsideDown UIInterfaceOrientationLandscapeLeft UIInterfaceOrientationLandscapeRight";
				INFOPLIST_KEY_UISupportedInterfaceOrientations_iPhone = "UIInterfaceOrientationPortrait UIInterfaceOrientationLandscapeLeft UIInterfaceOrientationLandscapeRight";
				LD_RUNPATH_SEARCH_PATHS = (
					"$(inherited)",
					"@executable_path/Frameworks",
				);
				MARKETING_VERSION = 1.0;
				PRODUCT_BUNDLE_IDENTIFIER = "com.takuchan.apple-test.Codable";
				PRODUCT_NAME = "$(TARGET_NAME)";
				SWIFT_EMIT_LOC_STRINGS = YES;
				SWIFT_VERSION = 5.0;
				TARGETED_DEVICE_FAMILY = "1,2";
			};
			name = Debug;
		};
		08A7274B298F7492006221FF /* Release */ = {
			isa = XCBuildConfiguration;
			buildSettings = {
				ASSETCATALOG_COMPILER_APPICON_NAME = AppIcon;
				ASSETCATALOG_COMPILER_GLOBAL_ACCENT_COLOR_NAME = AccentColor;
				CODE_SIGN_STYLE = Automatic;
				CURRENT_PROJECT_VERSION = 1;
				DEVELOPMENT_ASSET_PATHS = "\"Codable/Preview Content\"";
				DEVELOPMENT_TEAM = QD2MBVB859;
				ENABLE_PREVIEWS = YES;
				GENERATE_INFOPLIST_FILE = YES;
				INFOPLIST_KEY_UIApplicationSceneManifest_Generation = YES;
				INFOPLIST_KEY_UIApplicationSupportsIndirectInputEvents = YES;
				INFOPLIST_KEY_UILaunchScreen_Generation = YES;
				INFOPLIST_KEY_UISupportedInterfaceOrientations_iPad = "UIInterfaceOrientationPortrait UIInterfaceOrientationPortraitUpsideDown UIInterfaceOrientationLandscapeLeft UIInterfaceOrientationLandscapeRight";
				INFOPLIST_KEY_UISupportedInterfaceOrientations_iPhone = "UIInterfaceOrientationPortrait UIInterfaceOrientationLandscapeLeft UIInterfaceOrientationLandscapeRight";
				LD_RUNPATH_SEARCH_PATHS = (
					"$(inherited)",
					"@executable_path/Frameworks",
				);
				MARKETING_VERSION = 1.0;
				PRODUCT_BUNDLE_IDENTIFIER = "com.takuchan.apple-test.Codable";
				PRODUCT_NAME = "$(TARGET_NAME)";
				SWIFT_EMIT_LOC_STRINGS = YES;
				SWIFT_VERSION = 5.0;
				TARGETED_DEVICE_FAMILY = "1,2";
			};
			name = Release;
		};
		08A7274D298F7492006221FF /* Debug */ = {
			isa = XCBuildConfiguration;
			buildSettings = {
				ALWAYS_EMBED_SWIFT_STANDARD_LIBRARIES = YES;
				BUNDLE_LOADER = "$(TEST_HOST)";
				CODE_SIGN_STYLE = Automatic;
				CURRENT_PROJECT_VERSION = 1;
				DEVELOPMENT_TEAM = QD2MBVB859;
				GENERATE_INFOPLIST_FILE = YES;
				IPHONEOS_DEPLOYMENT_TARGET = 16.2;
				MARKETING_VERSION = 1.0;
				PRODUCT_BUNDLE_IDENTIFIER = "com.takuchan.apple-test.CodableTests";
				PRODUCT_NAME = "$(TARGET_NAME)";
				SWIFT_EMIT_LOC_STRINGS = NO;
				SWIFT_VERSION = 5.0;
				TARGETED_DEVICE_FAMILY = "1,2";
				TEST_HOST = "$(BUILT_PRODUCTS_DIR)/Codable.app/$(BUNDLE_EXECUTABLE_FOLDER_PATH)/Codable";
			};
			name = Debug;
		};
		08A7274E298F7492006221FF /* Release */ = {
			isa = XCBuildConfiguration;
			buildSettings = {
				ALWAYS_EMBED_SWIFT_STANDARD_LIBRARIES = YES;
				BUNDLE_LOADER = "$(TEST_HOST)";
				CODE_SIGN_STYLE = Automatic;
				CURRENT_PROJECT_VERSION = 1;
				DEVELOPMENT_TEAM = QD2MBVB859;
				GENERATE_INFOPLIST_FILE = YES;
				IPHONEOS_DEPLOYMENT_TARGET = 16.2;
				MARKETING_VERSION = 1.0;
				PRODUCT_BUNDLE_IDENTIFIER = "com.takuchan.apple-test.CodableTests";
				PRODUCT_NAME = "$(TARGET_NAME)";
				SWIFT_EMIT_LOC_STRINGS = NO;
				SWIFT_VERSION = 5.0;
				TARGETED_DEVICE_FAMILY = "1,2";
				TEST_HOST = "$(BUILT_PRODUCTS_DIR)/Codable.app/$(BUNDLE_EXECUTABLE_FOLDER_PATH)/Codable";
			};
			name = Release;
		};
		08A72750298F7492006221FF /* Debug */ = {
			isa = XCBuildConfiguration;
			buildSettings = {
				ALWAYS_EMBED_SWIFT_STANDARD_LIBRARIES = YES;
				CODE_SIGN_STYLE = Automatic;
				CURRENT_PROJECT_VERSION = 1;
				DEVELOPMENT_TEAM = QD2MBVB859;
				GENERATE_INFOPLIST_FILE = YES;
				MARKETING_VERSION = 1.0;
				PRODUCT_BUNDLE_IDENTIFIER = "com.takuchan.apple-test.CodableUITests";
				PRODUCT_NAME = "$(TARGET_NAME)";
				SWIFT_EMIT_LOC_STRINGS = NO;
				SWIFT_VERSION = 5.0;
				TARGETED_DEVICE_FAMILY = "1,2";
				TEST_TARGET_NAME = Codable;
			};
			name = Debug;
		};
		08A72751298F7492006221FF /* Release */ = {
			isa = XCBuildConfiguration;
			buildSettings = {
				ALWAYS_EMBED_SWIFT_STANDARD_LIBRARIES = YES;
				CODE_SIGN_STYLE = Automatic;
				CURRENT_PROJECT_VERSION = 1;
				DEVELOPMENT_TEAM = QD2MBVB859;
				GENERATE_INFOPLIST_FILE = YES;
				MARKETING_VERSION = 1.0;
				PRODUCT_BUNDLE_IDENTIFIER = "com.takuchan.apple-test.CodableUITests";
				PRODUCT_NAME = "$(TARGET_NAME)";
				SWIFT_EMIT_LOC_STRINGS = NO;
				SWIFT_VERSION = 5.0;
				TARGETED_DEVICE_FAMILY = "1,2";
				TEST_TARGET_NAME = Codable;
			};
			name = Release;
		};
/* End XCBuildConfiguration section */

/* Begin XCConfigurationList section */
		08A72720298F748F006221FF /* Build configuration list for PBXProject "Codable" */ = {
			isa = XCConfigurationList;
			buildConfigurations = (
				08A72747298F7492006221FF /* Debug */,
				08A72748298F7492006221FF /* Release */,
			);
			defaultConfigurationIsVisible = 0;
			defaultConfigurationName = Release;
		};
		08A72749298F7492006221FF /* Build configuration list for PBXNativeTarget "Codable" */ = {
			isa = XCConfigurationList;
			buildConfigurations = (
				08A7274A298F7492006221FF /* Debug */,
				08A7274B298F7492006221FF /* Release */,
			);
			defaultConfigurationIsVisible = 0;
			defaultConfigurationName = Release;
		};
		08A7274C298F7492006221FF /* Build configuration list for PBXNativeTarget "CodableTests" */ = {
			isa = XCConfigurationList;
			buildConfigurations = (
				08A7274D298F7492006221FF /* Debug */,
				08A7274E298F7492006221FF /* Release */,
			);
			defaultConfigurationIsVisible = 0;
			defaultConfigurationName = Release;
		};
		08A7274F298F7492006221FF /* Build configuration list for PBXNativeTarget "CodableUITests" */ = {
			isa = XCConfigurationList;
			buildConfigurations = (
				08A72750298F7492006221FF /* Debug */,
				08A72751298F7492006221FF /* Release */,
			);
			defaultConfigurationIsVisible = 0;
			defaultConfigurationName = Release;
		};
/* End XCConfigurationList section */
	};
	rootObject = 08A7271D298F748F006221FF /* Project object */;
}
